
Microsoft Visual Studio Solution File, Format Version 12.00
# Visual Studio Version 16
VisualStudioVersion = 16.0.31515.178
MinimumVisualStudioVersion = 10.0.40219.1
Project("{FAE04EC0-301F-11D3-BF4B-00C04F79EFBC}") = "doanabc", "doanabc\doanabc.csproj", "{6EDC263D-79F6-41F9-92E1-AD0D43B0C70B}"
EndProject
Global
	GlobalSection(SolutionConfigurationPlatforms) = preSolution
		Debug|Any CPU = Debug|Any CPU
		Release|Any CPU = Release|Any CPU
	EndGlobalSection
	GlobalSection(ProjectConfigurationPlatforms) = postSolution
		{6EDC263D-79F6-41F9-92E1-AD0D43B0C70B}.Debug|Any CPU.ActiveCfg = Debug|Any CPU
		{6EDC263D-79F6-41F9-92E1-AD0D43B0C70B}.Debug|Any CPU.Build.0 = Debug|Any CPU
		{6EDC263D-79F6-41F9-92E1-AD0D43B0C70B}.Release|Any CPU.ActiveCfg = Release|Any CPU
		{6EDC263D-79F6-41F9-92E1-AD0D43B0C70B}.Release|Any CPU.Build.0 = Release|Any CPU
	EndGlobalSection
	GlobalSection(SolutionProperties) = preSolution
		HideSolutionNode = FALSE
	EndGlobalSection
	GlobalSection(ExtensibilityGlobals) = postSolution
		SolutionGuid = {EB7AFD91-4E5E-41B3-93BE-E9A0C3B5306F}
	EndGlobalSection
EndGlobal
